
Microsoft Visual Studio Solution File, Format Version 12.00
Project("{FAE04EC0-301F-11D3-BF4B-00C04F79EFBC}") = "randomnumbers2", "randomnumbers2\randomnumbers2.csproj", "{74505D1C-CC62-4279-9238-DCBB928552C0}"
EndProject
Global
	GlobalSection(SolutionConfigurationPlatforms) = preSolution
		Debug|Any CPU = Debug|Any CPU
		Release|Any CPU = Release|Any CPU
	EndGlobalSection
	GlobalSection(ProjectConfigurationPlatforms) = postSolution
		{74505D1C-CC62-4279-9238-DCBB928552C0}.Debug|Any CPU.ActiveCfg = Debug|Any CPU
		{74505D1C-CC62-4279-9238-DCBB928552C0}.Debug|Any CPU.Build.0 = Debug|Any CPU
		{74505D1C-CC62-4279-9238-DCBB928552C0}.Release|Any CPU.ActiveCfg = Release|Any CPU
		{74505D1C-CC62-4279-9238-DCBB928552C0}.Release|Any CPU.Build.0 = Release|Any CPU
	EndGlobalSection
EndGlobal
